
Microsoft Visual Studio Solution File, Format Version 12.00
# Visual Studio Version 16
VisualStudioVersion = 16.0.31129.286
MinimumVisualStudioVersion = 10.0.40219.1
Project("{2150E333-8FDC-42A3-9474-1A3956D46DE8}") = "API", "API", "{45124181-A682-4CD6-B74D-39C9049B6DF3}"
EndProject
Project("{FAE04EC0-301F-11D3-BF4B-00C04F79EFBC}") = "GrillApi", "..\GrillApi\GrillApi.csproj", "{804D5FA3-0CEB-4937-A7DD-F66C118CE80B}"
EndProject
Global
	GlobalSection(SolutionConfigurationPlatforms) = preSolution
		Debug|Any CPU = Debug|Any CPU
		Release|Any CPU = Release|Any CPU
	EndGlobalSection
	GlobalSection(ProjectConfigurationPlatforms) = postSolution
		{804D5FA3-0CEB-4937-A7DD-F66C118CE80B}.Debug|Any CPU.ActiveCfg = Debug|Any CPU
		{804D5FA3-0CEB-4937-A7DD-F66C118CE80B}.Debug|Any CPU.Build.0 = Debug|Any CPU
		{804D5FA3-0CEB-4937-A7DD-F66C118CE80B}.Release|Any CPU.ActiveCfg = Release|Any CPU
		{804D5FA3-0CEB-4937-A7DD-F66C118CE80B}.Release|Any CPU.Build.0 = Release|Any CPU
	EndGlobalSection
	GlobalSection(SolutionProperties) = preSolution
		HideSolutionNode = FALSE
	EndGlobalSection
	GlobalSection(NestedProjects) = preSolution
		{804D5FA3-0CEB-4937-A7DD-F66C118CE80B} = {45124181-A682-4CD6-B74D-39C9049B6DF3}
	EndGlobalSection
	GlobalSection(ExtensibilityGlobals) = postSolution
		SolutionGuid = {BDDECDA4-C811-4097-8C76-0AF9002BA39E}
	EndGlobalSection
EndGlobal
