
Microsoft Visual Studio Solution File, Format Version 12.00
# Visual Studio Version 16
VisualStudioVersion = 16.0.31129.286
MinimumVisualStudioVersion = 10.0.40219.1
Project("{2150E333-8FDC-42A3-9474-1A3956D46DE8}") = "API", "API", "{45124181-A682-4CD6-B74D-39C9049B6DF3}"
EndProject
Project("{FAE04EC0-301F-11D3-BF4B-00C04F79EFBC}") = "GrillApi", "..\GrillApi\GrillApi.csproj", "{804D5FA3-0CEB-4937-A7DD-F66C118CE80B}"
EndProject
Project("{2150E333-8FDC-42A3-9474-1A3956D46DE8}") = "Helpers", "Helpers", "{F64028BF-38DC-4D42-AC2C-52593D086BA9}"
EndProject
Project("{FAE04EC0-301F-11D3-BF4B-00C04F79EFBC}") = "EntityHelper", "..\EntityHelper\EntityHelper.csproj", "{6229F263-1962-4E58-AAD6-7522F2BAE99F}"
EndProject
Project("{2150E333-8FDC-42A3-9474-1A3956D46DE8}") = "Domain", "Domain", "{D1D2C9C7-4403-446E-B0B6-907EAC36B930}"
EndProject
Project("{FAE04EC0-301F-11D3-BF4B-00C04F79EFBC}") = "Domain", "..\Domain\Domain.csproj", "{D90B2D14-ACA0-4B04-99AD-D296B7D9C0DE}"
EndProject
Project("{FAE04EC0-301F-11D3-BF4B-00C04F79EFBC}") = "ConfigurationHelper", "..\ConfigurationHelper\ConfigurationHelper.csproj", "{BEEE55E3-8C2F-422C-995E-DBA7D916E85A}"
EndProject
Project("{2150E333-8FDC-42A3-9474-1A3956D46DE8}") = "Repositories", "Repositories", "{81BEB674-6642-40F9-B38F-26E517D6CDCB}"
EndProject
Project("{FAE04EC0-301F-11D3-BF4B-00C04F79EFBC}") = "Repositories", "..\Repositories\Repositories.csproj", "{B16D48ED-B3E2-4536-B31D-4763C08577DF}"
EndProject
Global
	GlobalSection(SolutionConfigurationPlatforms) = preSolution
		Debug|Any CPU = Debug|Any CPU
		Release|Any CPU = Release|Any CPU
	EndGlobalSection
	GlobalSection(ProjectConfigurationPlatforms) = postSolution
		{804D5FA3-0CEB-4937-A7DD-F66C118CE80B}.Debug|Any CPU.ActiveCfg = Debug|Any CPU
		{804D5FA3-0CEB-4937-A7DD-F66C118CE80B}.Debug|Any CPU.Build.0 = Debug|Any CPU
		{804D5FA3-0CEB-4937-A7DD-F66C118CE80B}.Release|Any CPU.ActiveCfg = Release|Any CPU
		{804D5FA3-0CEB-4937-A7DD-F66C118CE80B}.Release|Any CPU.Build.0 = Release|Any CPU
		{6229F263-1962-4E58-AAD6-7522F2BAE99F}.Debug|Any CPU.ActiveCfg = Debug|Any CPU
		{6229F263-1962-4E58-AAD6-7522F2BAE99F}.Debug|Any CPU.Build.0 = Debug|Any CPU
		{6229F263-1962-4E58-AAD6-7522F2BAE99F}.Release|Any CPU.ActiveCfg = Release|Any CPU
		{6229F263-1962-4E58-AAD6-7522F2BAE99F}.Release|Any CPU.Build.0 = Release|Any CPU
		{D90B2D14-ACA0-4B04-99AD-D296B7D9C0DE}.Debug|Any CPU.ActiveCfg = Debug|Any CPU
		{D90B2D14-ACA0-4B04-99AD-D296B7D9C0DE}.Debug|Any CPU.Build.0 = Debug|Any CPU
		{D90B2D14-ACA0-4B04-99AD-D296B7D9C0DE}.Release|Any CPU.ActiveCfg = Release|Any CPU
		{D90B2D14-ACA0-4B04-99AD-D296B7D9C0DE}.Release|Any CPU.Build.0 = Release|Any CPU
		{BEEE55E3-8C2F-422C-995E-DBA7D916E85A}.Debug|Any CPU.ActiveCfg = Debug|Any CPU
		{BEEE55E3-8C2F-422C-995E-DBA7D916E85A}.Debug|Any CPU.Build.0 = Debug|Any CPU
		{BEEE55E3-8C2F-422C-995E-DBA7D916E85A}.Release|Any CPU.ActiveCfg = Release|Any CPU
		{BEEE55E3-8C2F-422C-995E-DBA7D916E85A}.Release|Any CPU.Build.0 = Release|Any CPU
		{B16D48ED-B3E2-4536-B31D-4763C08577DF}.Debug|Any CPU.ActiveCfg = Debug|Any CPU
		{B16D48ED-B3E2-4536-B31D-4763C08577DF}.Debug|Any CPU.Build.0 = Debug|Any CPU
		{B16D48ED-B3E2-4536-B31D-4763C08577DF}.Release|Any CPU.ActiveCfg = Release|Any CPU
		{B16D48ED-B3E2-4536-B31D-4763C08577DF}.Release|Any CPU.Build.0 = Release|Any CPU
	EndGlobalSection
	GlobalSection(SolutionProperties) = preSolution
		HideSolutionNode = FALSE
	EndGlobalSection
	GlobalSection(NestedProjects) = preSolution
		{804D5FA3-0CEB-4937-A7DD-F66C118CE80B} = {45124181-A682-4CD6-B74D-39C9049B6DF3}
		{6229F263-1962-4E58-AAD6-7522F2BAE99F} = {F64028BF-38DC-4D42-AC2C-52593D086BA9}
		{D90B2D14-ACA0-4B04-99AD-D296B7D9C0DE} = {D1D2C9C7-4403-446E-B0B6-907EAC36B930}
		{BEEE55E3-8C2F-422C-995E-DBA7D916E85A} = {F64028BF-38DC-4D42-AC2C-52593D086BA9}
		{B16D48ED-B3E2-4536-B31D-4763C08577DF} = {81BEB674-6642-40F9-B38F-26E517D6CDCB}
	EndGlobalSection
	GlobalSection(ExtensibilityGlobals) = postSolution
		SolutionGuid = {BDDECDA4-C811-4097-8C76-0AF9002BA39E}
	EndGlobalSection
EndGlobal
